// !$*UTF8*$!
{
	archiveVersion = 1;
	classes = {
	};
	objectVersion = 56;
	objects = {

/* Begin PBXBuildFile section */
		B12800000000000000000001 /* ModelDownloadProgressDelegate.swift in Sources */ = {isa = PBXBuildFile; fileRef = B22800000000000000000001 /* ModelDownloadProgressDelegate.swift */; };
		B12700000000000000000001 /* LocalModelInstallStatusView.swift in Sources */ = {isa = PBXBuildFile; fileRef = B22700000000000000000001 /* LocalModelInstallStatusView.swift */; };
		B12A00000000000000000001 /* LocalModelDownloadSizeView.swift in Sources */ = {isa = PBXBuildFile; fileRef = B22A00000000000000000001 /* LocalModelDownloadSizeView.swift */; };
		B12A00000000000000000002 /* ModelDownloadSizeProvider.swift in Sources */ = {isa = PBXBuildFile; fileRef = B22A00000000000000000002 /* ModelDownloadSizeProvider.swift */; };
		B12700000000000000000002 /* HuggingFace in Frameworks */ = {isa = PBXBuildFile; productRef = A90000000000000000000004 /* HuggingFace */; };
		B12600000000000000000001 /* TranscriptionContext.swift in Sources */ = {isa = PBXBuildFile; fileRef = B22600000000000000000001 /* TranscriptionContext.swift */; };
		42A2B0E72F3AC06100283808 /* HotKey in Frameworks */ = {isa = PBXBuildFile; productRef = A90000000000000000000001 /* HotKey */; };
		42A2B0E82F3AC06100283808 /* MLXAudioCore in Frameworks */ = {isa = PBXBuildFile; productRef = A90000000000000000000002 /* MLXAudioCore */; };
		42A2B0E92F3AC06100283808 /* MLXAudioSTT in Frameworks */ = {isa = PBXBuildFile; productRef = A90000000000000000000003 /* MLXAudioSTT */; };
		B12900000000000000000001 /* Sparkle in Frameworks */ = {isa = PBXBuildFile; productRef = A90000000000000000000005 /* Sparkle */; };
		B12900000000000000000002 /* AppUpdater.swift in Sources */ = {isa = PBXBuildFile; fileRef = B22900000000000000000001 /* AppUpdater.swift */; };
		A10001000000000000000001 /* AirtypeApp.swift in Sources */ = {isa = PBXBuildFile; fileRef = A20001000000000000000001 /* AirtypeApp.swift */; };
		A10002000000000000000002 /* Settings.swift in Sources */ = {isa = PBXBuildFile; fileRef = A20002000000000000000002 /* Settings.swift */; };
		A10003000000000000000003 /* MainView.swift in Sources */ = {isa = PBXBuildFile; fileRef = A20003000000000000000003 /* MainView.swift */; };
		A10004000000000000000004 /* MenuBarView.swift in Sources */ = {isa = PBXBuildFile; fileRef = A20004000000000000000004 /* MenuBarView.swift */; };
		A10005000000000000000005 /* SettingsView.swift in Sources */ = {isa = PBXBuildFile; fileRef = A20005000000000000000005 /* SettingsView.swift */; };
		A10006000000000000000006 /* FloatingView.swift in Sources */ = {isa = PBXBuildFile; fileRef = A20006000000000000000006 /* FloatingView.swift */; };
		A10007000000000000000007 /* FloatingWindow.swift in Sources */ = {isa = PBXBuildFile; fileRef = A20007000000000000000007 /* FloatingWindow.swift */; };
		A10008000000000000000008 /* FloatingGlassBackgroundView.swift in Sources */ = {isa = PBXBuildFile; fileRef = A20008000000000000000008 /* FloatingGlassBackgroundView.swift */; };
		A10009000000000000000009 /* WaveformView.swift in Sources */ = {isa = PBXBuildFile; fileRef = A20009000000000000000009 /* WaveformView.swift */; };
		A1000A00000000000000000A /* AudioRecorder.swift in Sources */ = {isa = PBXBuildFile; fileRef = A2000A00000000000000000A /* AudioRecorder.swift */; };
		C10001000000000000000001 /* RecordingAudioInterruptionController.swift in Sources */ = {isa = PBXBuildFile; fileRef = C20001000000000000000001 /* RecordingAudioInterruptionController.swift */; };
		A1000B00000000000000000B /* ElevenLabsService.swift in Sources */ = {isa = PBXBuildFile; fileRef = A2000B00000000000000000B /* ElevenLabsService.swift */; };
		A1000C00000000000000000C /* EnhancementService.swift in Sources */ = {isa = PBXBuildFile; fileRef = A2000C00000000000000000C /* EnhancementService.swift */; };
		A1000D00000000000000000D /* HotkeyManager.swift in Sources */ = {isa = PBXBuildFile; fileRef = A2000D00000000000000000D /* HotkeyManager.swift */; };
		A1000E00000000000000000E /* MainWindowController.swift in Sources */ = {isa = PBXBuildFile; fileRef = A2000E00000000000000000E /* MainWindowController.swift */; };
		A1000F00000000000000000F /* MistralTranscriptionService.swift in Sources */ = {isa = PBXBuildFile; fileRef = A2000F00000000000000000F /* MistralTranscriptionService.swift */; };
		A10036000000000000000036 /* OpenRouterTranscriptionService.swift in Sources */ = {isa = PBXBuildFile; fileRef = A20036000000000000000036 /* OpenRouterTranscriptionService.swift */; };
		A10037000000000000000037 /* AnalyticsView.swift in Sources */ = {isa = PBXBuildFile; fileRef = A20037000000000000000037 /* AnalyticsView.swift */; };
		A10038000000000000000038 /* OpenRouterKeyUsageService.swift in Sources */ = {isa = PBXBuildFile; fileRef = A20038000000000000000038 /* OpenRouterKeyUsageService.swift */; };
		A10039000000000000000039 /* TranscriptionAttempt.swift in Sources */ = {isa = PBXBuildFile; fileRef = A20039000000000000000039 /* TranscriptionAttempt.swift */; };
		A1003A00000000000000003A /* AnalyticsPageModel.swift in Sources */ = {isa = PBXBuildFile; fileRef = A2003A00000000000000003A /* AnalyticsPageModel.swift */; };
		A1003B00000000000000003B /* TranscriptionAnalytics.swift in Sources */ = {isa = PBXBuildFile; fileRef = A2003B00000000000000003B /* TranscriptionAnalytics.swift */; };
		A10010000000000000000010 /* SettingsWindowController.swift in Sources */ = {isa = PBXBuildFile; fileRef = A20010000000000000000010 /* SettingsWindowController.swift */; };
		A10011000000000000000011 /* TextInserter.swift in Sources */ = {isa = PBXBuildFile; fileRef = A20011000000000000000011 /* TextInserter.swift */; };
		A10012000000000000000012 /* WhisperService.swift in Sources */ = {isa = PBXBuildFile; fileRef = A20012000000000000000012 /* WhisperService.swift */; };
		A10013000000000000000013 /* Assets.xcassets in Resources */ = {isa = PBXBuildFile; fileRef = A20013000000000000000013 /* Assets.xcassets */; };
		A10014000000000000000014 /* SetupWizardView.swift in Sources */ = {isa = PBXBuildFile; fileRef = A20014000000000000000014 /* SetupWizardView.swift */; };
		A10016000000000000000016 /* StreamingTranscriptionProtocol.swift in Sources */ = {isa = PBXBuildFile; fileRef = A20016000000000000000016 /* StreamingTranscriptionProtocol.swift */; };
		A10017000000000000000017 /* StreamingAudioCapture.swift in Sources */ = {isa = PBXBuildFile; fileRef = A20017000000000000000017 /* StreamingAudioCapture.swift */; };
		A10018000000000000000018 /* DoubaoStreamingService.swift in Sources */ = {isa = PBXBuildFile; fileRef = A20018000000000000000018 /* DoubaoStreamingService.swift */; };
		A10019000000000000000019 /* TranscriptionHistory.swift in Sources */ = {isa = PBXBuildFile; fileRef = A20019000000000000000019 /* TranscriptionHistory.swift */; };
		A1001A00000000000000001A /* TranscriptionHistoryView.swift in Sources */ = {isa = PBXBuildFile; fileRef = A2001A00000000000000001A /* TranscriptionHistoryView.swift */; };
		A1001B00000000000000001B /* MLXTranscriptionService.swift in Sources */ = {isa = PBXBuildFile; fileRef = A2001B00000000000000001B /* MLXTranscriptionService.swift */; };
		A1001C00000000000000001C /* LocalModelManager.swift in Sources */ = {isa = PBXBuildFile; fileRef = A2001C00000000000000001C /* LocalModelManager.swift */; };
		A1001D00000000000000001D /* LocalASRAdapter.swift in Sources */ = {isa = PBXBuildFile; fileRef = A2001D00000000000000001D /* LocalASRAdapter.swift */; };
		A1001E00000000000000001E /* QwenASRAdapter.swift in Sources */ = {isa = PBXBuildFile; fileRef = A2001E00000000000000001E /* QwenASRAdapter.swift */; };
		A10020000000000000000020 /* MLXAudioRunner.swift in Sources */ = {isa = PBXBuildFile; fileRef = A20020000000000000000020 /* MLXAudioRunner.swift */; };
		A10021000000000000000021 /* CorrectionModels.swift in Sources */ = {isa = PBXBuildFile; fileRef = A20021000000000000000021 /* CorrectionModels.swift */; };
		A10022000000000000000022 /* CorrectionExtractor.swift in Sources */ = {isa = PBXBuildFile; fileRef = A20022000000000000000022 /* CorrectionExtractor.swift */; };
		A10023000000000000000023 /* CorrectionSampleIndex.swift in Sources */ = {isa = PBXBuildFile; fileRef = A20023000000000000000023 /* CorrectionSampleIndex.swift */; };
		A10024000000000000000024 /* CorrectionStore.swift in Sources */ = {isa = PBXBuildFile; fileRef = A20024000000000000000024 /* CorrectionStore.swift */; };
		A10025000000000000000025 /* CorrectionLearningService.swift in Sources */ = {isa = PBXBuildFile; fileRef = A20025000000000000000025 /* CorrectionLearningService.swift */; };
		A10026000000000000000026 /* EnhancementPromptBuilder.swift in Sources */ = {isa = PBXBuildFile; fileRef = A20026000000000000000026 /* EnhancementPromptBuilder.swift */; };
		A1002A0000000000000000002A /* VocabularyTerm.swift in Sources */ = {isa = PBXBuildFile; fileRef = A2002A0000000000000000002A /* VocabularyTerm.swift */; };
		A1002B0000000000000000002B /* VocabularyRepository.swift in Sources */ = {isa = PBXBuildFile; fileRef = A2002B0000000000000000002B /* VocabularyRepository.swift */; };
		A1002C0000000000000000002C /* SQLiteVocabularyStore.swift in Sources */ = {isa = PBXBuildFile; fileRef = A2002C0000000000000000002C /* SQLiteVocabularyStore.swift */; };
		A1002D0000000000000000002D /* VocabularyPromptBuilder.swift in Sources */ = {isa = PBXBuildFile; fileRef = A2002D0000000000000000002D /* VocabularyPromptBuilder.swift */; };
		A1002E0000000000000000002E /* DashboardModel.swift in Sources */ = {isa = PBXBuildFile; fileRef = A2002E0000000000000000002E /* DashboardModel.swift */; };
		A1002F0000000000000000002F /* HistoryPageModel.swift in Sources */ = {isa = PBXBuildFile; fileRef = A2002F0000000000000000002F /* HistoryPageModel.swift */; };
		A100300000000000000000030 /* VocabularyPageModel.swift in Sources */ = {isa = PBXBuildFile; fileRef = A200300000000000000000030 /* VocabularyPageModel.swift */; };
		A100310000000000000000031 /* DashboardSidebar.swift in Sources */ = {isa = PBXBuildFile; fileRef = A200310000000000000000031 /* DashboardSidebar.swift */; };
		A100320000000000000000032 /* HomeView.swift in Sources */ = {isa = PBXBuildFile; fileRef = A200320000000000000000032 /* HomeView.swift */; };
		A100330000000000000000033 /* AirtypeSettingsView.swift in Sources */ = {isa = PBXBuildFile; fileRef = A200330000000000000000033 /* AirtypeSettingsView.swift */; };
		A100340000000000000000034 /* VocabularyView.swift in Sources */ = {isa = PBXBuildFile; fileRef = A200340000000000000000034 /* VocabularyView.swift */; };
		A100350000000000000000035 /* ProperNounTagWall.swift in Sources */ = {isa = PBXBuildFile; fileRef = A200350000000000000000035 /* ProperNounTagWall.swift */; };
/* End PBXBuildFile section */

/* Begin PBXFileReference section */
		B22800000000000000000001 /* ModelDownloadProgressDelegate.swift */ = {isa = PBXFileReference; lastKnownFileType = sourcecode.swift; path = ModelDownloadProgressDelegate.swift; sourceTree = "<group>"; };
		B22700000000000000000001 /* LocalModelInstallStatusView.swift */ = {isa = PBXFileReference; lastKnownFileType = sourcecode.swift; path = LocalModelInstallStatusView.swift; sourceTree = "<group>"; };
		B22A00000000000000000001 /* LocalModelDownloadSizeView.swift */ = {isa = PBXFileReference; lastKnownFileType = sourcecode.swift; path = LocalModelDownloadSizeView.swift; sourceTree = "<group>"; };
		B22A00000000000000000002 /* ModelDownloadSizeProvider.swift */ = {isa = PBXFileReference; lastKnownFileType = sourcecode.swift; path = ModelDownloadSizeProvider.swift; sourceTree = "<group>"; };
		B22600000000000000000001 /* TranscriptionContext.swift */ = {isa = PBXFileReference; lastKnownFileType = sourcecode.swift; path = TranscriptionContext.swift; sourceTree = "<group>"; };
		B22900000000000000000001 /* AppUpdater.swift */ = {isa = PBXFileReference; lastKnownFileType = sourcecode.swift; path = AppUpdater.swift; sourceTree = "<group>"; };
		A20001000000000000000001 /* AirtypeApp.swift */ = {isa = PBXFileReference; lastKnownFileType = sourcecode.swift; path = AirtypeApp.swift; sourceTree = "<group>"; };
		A20002000000000000000002 /* Settings.swift */ = {isa = PBXFileReference; lastKnownFileType = sourcecode.swift; path = Settings.swift; sourceTree = "<group>"; };
		A20003000000000000000003 /* MainView.swift */ = {isa = PBXFileReference; lastKnownFileType = sourcecode.swift; path = MainView.swift; sourceTree = "<group>"; };
		A20004000000000000000004 /* MenuBarView.swift */ = {isa = PBXFileReference; lastKnownFileType = sourcecode.swift; path = MenuBarView.swift; sourceTree = "<group>"; };
		A20005000000000000000005 /* SettingsView.swift */ = {isa = PBXFileReference; lastKnownFileType = sourcecode.swift; path = SettingsView.swift; sourceTree = "<group>"; };
		A20006000000000000000006 /* FloatingView.swift */ = {isa = PBXFileReference; lastKnownFileType = sourcecode.swift; path = FloatingView.swift; sourceTree = "<group>"; };
		A20007000000000000000007 /* FloatingWindow.swift */ = {isa = PBXFileReference; lastKnownFileType = sourcecode.swift; path = FloatingWindow.swift; sourceTree = "<group>"; };
		A20008000000000000000008 /* FloatingGlassBackgroundView.swift */ = {isa = PBXFileReference; lastKnownFileType = sourcecode.swift; path = FloatingGlassBackgroundView.swift; sourceTree = "<group>"; };
		A20009000000000000000009 /* WaveformView.swift */ = {isa = PBXFileReference; lastKnownFileType = sourcecode.swift; path = WaveformView.swift; sourceTree = "<group>"; };
		A20014000000000000000014 /* SetupWizardView.swift */ = {isa = PBXFileReference; lastKnownFileType = sourcecode.swift; path = SetupWizardView.swift; sourceTree = "<group>"; };
		A2000A00000000000000000A /* AudioRecorder.swift */ = {isa = PBXFileReference; lastKnownFileType = sourcecode.swift; path = AudioRecorder.swift; sourceTree = "<group>"; };
		C20001000000000000000001 /* RecordingAudioInterruptionController.swift */ = {isa = PBXFileReference; lastKnownFileType = sourcecode.swift; path = RecordingAudioInterruptionController.swift; sourceTree = "<group>"; };
		A2000B00000000000000000B /* ElevenLabsService.swift */ = {isa = PBXFileReference; lastKnownFileType = sourcecode.swift; path = ElevenLabsService.swift; sourceTree = "<group>"; };
		A2000C00000000000000000C /* EnhancementService.swift */ = {isa = PBXFileReference; lastKnownFileType = sourcecode.swift; path = EnhancementService.swift; sourceTree = "<group>"; };
		A2000D00000000000000000D /* HotkeyManager.swift */ = {isa = PBXFileReference; lastKnownFileType = sourcecode.swift; path = HotkeyManager.swift; sourceTree = "<group>"; };
		A2000E00000000000000000E /* MainWindowController.swift */ = {isa = PBXFileReference; lastKnownFileType = sourcecode.swift; path = MainWindowController.swift; sourceTree = "<group>"; };
		A2000F00000000000000000F /* MistralTranscriptionService.swift */ = {isa = PBXFileReference; lastKnownFileType = sourcecode.swift; path = MistralTranscriptionService.swift; sourceTree = "<group>"; };
		A20036000000000000000036 /* OpenRouterTranscriptionService.swift */ = {isa = PBXFileReference; lastKnownFileType = sourcecode.swift; path = OpenRouterTranscriptionService.swift; sourceTree = "<group>"; };
		A20037000000000000000037 /* AnalyticsView.swift */ = {isa = PBXFileReference; lastKnownFileType = sourcecode.swift; path = AnalyticsView.swift; sourceTree = "<group>"; };
		A20038000000000000000038 /* OpenRouterKeyUsageService.swift */ = {isa = PBXFileReference; lastKnownFileType = sourcecode.swift; path = OpenRouterKeyUsageService.swift; sourceTree = "<group>"; };
		A20039000000000000000039 /* TranscriptionAttempt.swift */ = {isa = PBXFileReference; lastKnownFileType = sourcecode.swift; path = TranscriptionAttempt.swift; sourceTree = "<group>"; };
		A2003A00000000000000003A /* AnalyticsPageModel.swift */ = {isa = PBXFileReference; lastKnownFileType = sourcecode.swift; path = AnalyticsPageModel.swift; sourceTree = "<group>"; };
		A2003B00000000000000003B /* TranscriptionAnalytics.swift */ = {isa = PBXFileReference; lastKnownFileType = sourcecode.swift; path = TranscriptionAnalytics.swift; sourceTree = "<group>"; };
		A20010000000000000000010 /* SettingsWindowController.swift */ = {isa = PBXFileReference; lastKnownFileType = sourcecode.swift; path = SettingsWindowController.swift; sourceTree = "<group>"; };
		A20011000000000000000011 /* TextInserter.swift */ = {isa = PBXFileReference; lastKnownFileType = sourcecode.swift; path = TextInserter.swift; sourceTree = "<group>"; };
		A20019000000000000000019 /* TranscriptionHistory.swift */ = {isa = PBXFileReference; lastKnownFileType = sourcecode.swift; path = TranscriptionHistory.swift; sourceTree = "<group>"; };
		A2001A00000000000000001A /* TranscriptionHistoryView.swift */ = {isa = PBXFileReference; lastKnownFileType = sourcecode.swift; path = TranscriptionHistoryView.swift; sourceTree = "<group>"; };
		A2001B00000000000000001B /* MLXTranscriptionService.swift */ = {isa = PBXFileReference; lastKnownFileType = sourcecode.swift; path = MLXTranscriptionService.swift; sourceTree = "<group>"; };
		A2001C00000000000000001C /* LocalModelManager.swift */ = {isa = PBXFileReference; lastKnownFileType = sourcecode.swift; path = LocalModelManager.swift; sourceTree = "<group>"; };
		A2001D00000000000000001D /* LocalASRAdapter.swift */ = {isa = PBXFileReference; lastKnownFileType = sourcecode.swift; path = LocalASRAdapter.swift; sourceTree = "<group>"; };
		A2001E00000000000000001E /* QwenASRAdapter.swift */ = {isa = PBXFileReference; lastKnownFileType = sourcecode.swift; path = QwenASRAdapter.swift; sourceTree = "<group>"; };
		A20020000000000000000020 /* MLXAudioRunner.swift */ = {isa = PBXFileReference; lastKnownFileType = sourcecode.swift; path = MLXAudioRunner.swift; sourceTree = "<group>"; };
		A20021000000000000000021 /* CorrectionModels.swift */ = {isa = PBXFileReference; lastKnownFileType = sourcecode.swift; path = CorrectionModels.swift; sourceTree = "<group>"; };
		A20022000000000000000022 /* CorrectionExtractor.swift */ = {isa = PBXFileReference; lastKnownFileType = sourcecode.swift; path = CorrectionExtractor.swift; sourceTree = "<group>"; };
		A20023000000000000000023 /* CorrectionSampleIndex.swift */ = {isa = PBXFileReference; lastKnownFileType = sourcecode.swift; path = CorrectionSampleIndex.swift; sourceTree = "<group>"; };
		A20024000000000000000024 /* CorrectionStore.swift */ = {isa = PBXFileReference; lastKnownFileType = sourcecode.swift; path = CorrectionStore.swift; sourceTree = "<group>"; };
		A20025000000000000000025 /* CorrectionLearningService.swift */ = {isa = PBXFileReference; lastKnownFileType = sourcecode.swift; path = CorrectionLearningService.swift; sourceTree = "<group>"; };
		A20026000000000000000026 /* EnhancementPromptBuilder.swift */ = {isa = PBXFileReference; lastKnownFileType = sourcecode.swift; path = EnhancementPromptBuilder.swift; sourceTree = "<group>"; };
		A20012000000000000000012 /* WhisperService.swift */ = {isa = PBXFileReference; lastKnownFileType = sourcecode.swift; path = WhisperService.swift; sourceTree = "<group>"; };
		A30000000000000000000001 /* Airtype.app */ = {isa = PBXFileReference; explicitFileType = wrapper.application; includeInIndex = 0; path = Airtype.app; sourceTree = BUILT_PRODUCTS_DIR; };
		A30000000000000000000002 /* Info.plist */ = {isa = PBXFileReference; lastKnownFileType = text.plist.xml; path = Info.plist; sourceTree = "<group>"; };
		A30000000000000000000003 /* Airtype.entitlements */ = {isa = PBXFileReference; lastKnownFileType = text.plist.entitlements; path = Airtype.entitlements; sourceTree = "<group>"; };
		A20013000000000000000013 /* Assets.xcassets */ = {isa = PBXFileReference; lastKnownFileType = folder.assetcatalog; path = Assets.xcassets; sourceTree = "<group>"; };
		A20016000000000000000016 /* StreamingTranscriptionProtocol.swift */ = {isa = PBXFileReference; lastKnownFileType = sourcecode.swift; path = StreamingTranscriptionProtocol.swift; sourceTree = "<group>"; };
		A20017000000000000000017 /* StreamingAudioCapture.swift */ = {isa = PBXFileReference; lastKnownFileType = sourcecode.swift; path = StreamingAudioCapture.swift; sourceTree = "<group>"; };
		A20018000000000000000018 /* DoubaoStreamingService.swift */ = {isa = PBXFileReference; lastKnownFileType = sourcecode.swift; path = DoubaoStreamingService.swift; sourceTree = "<group>"; };
		A2002A0000000000000000002A /* VocabularyTerm.swift */ = {isa = PBXFileReference; lastKnownFileType = sourcecode.swift; path = VocabularyTerm.swift; sourceTree = "<group>"; };
		A2002B0000000000000000002B /* VocabularyRepository.swift */ = {isa = PBXFileReference; lastKnownFileType = sourcecode.swift; path = VocabularyRepository.swift; sourceTree = "<group>"; };
		A2002C0000000000000000002C /* SQLiteVocabularyStore.swift */ = {isa = PBXFileReference; lastKnownFileType = sourcecode.swift; path = SQLiteVocabularyStore.swift; sourceTree = "<group>"; };
		A2002D0000000000000000002D /* VocabularyPromptBuilder.swift */ = {isa = PBXFileReference; lastKnownFileType = sourcecode.swift; path = VocabularyPromptBuilder.swift; sourceTree = "<group>"; };
		A2002E0000000000000000002E /* DashboardModel.swift */ = {isa = PBXFileReference; lastKnownFileType = sourcecode.swift; path = DashboardModel.swift; sourceTree = "<group>"; };
		A2002F0000000000000000002F /* HistoryPageModel.swift */ = {isa = PBXFileReference; lastKnownFileType = sourcecode.swift; path = HistoryPageModel.swift; sourceTree = "<group>"; };
		A200300000000000000000030 /* VocabularyPageModel.swift */ = {isa = PBXFileReference; lastKnownFileType = sourcecode.swift; path = VocabularyPageModel.swift; sourceTree = "<group>"; };
		A200310000000000000000031 /* DashboardSidebar.swift */ = {isa = PBXFileReference; lastKnownFileType = sourcecode.swift; path = DashboardSidebar.swift; sourceTree = "<group>"; };
		A200320000000000000000032 /* HomeView.swift */ = {isa = PBXFileReference; lastKnownFileType = sourcecode.swift; path = HomeView.swift; sourceTree = "<group>"; };
		A200330000000000000000033 /* AirtypeSettingsView.swift */ = {isa = PBXFileReference; lastKnownFileType = sourcecode.swift; path = AirtypeSettingsView.swift; sourceTree = "<group>"; };
		A200340000000000000000034 /* VocabularyView.swift */ = {isa = PBXFileReference; lastKnownFileType = sourcecode.swift; path = VocabularyView.swift; sourceTree = "<group>"; };
		A200350000000000000000035 /* ProperNounTagWall.swift */ = {isa = PBXFileReference; lastKnownFileType = sourcecode.swift; path = ProperNounTagWall.swift; sourceTree = "<group>"; };
/* End PBXFileReference section */

/* Begin PBXFrameworksBuildPhase section */
		A40000000000000000000001 /* Frameworks */ = {
			isa = PBXFrameworksBuildPhase;
			buildActionMask = 2147483647;
			files = (
				B12900000000000000000001 /* Sparkle in Frameworks */,
				42A2B0E72F3AC06100283808 /* HotKey in Frameworks */,
				42A2B0E82F3AC06100283808 /* MLXAudioCore in Frameworks */,
				42A2B0E92F3AC06100283808 /* MLXAudioSTT in Frameworks */,
				B12700000000000000000002 /* HuggingFace in Frameworks */,
			);
			runOnlyForDeploymentPostprocessing = 0;
		};
/* End PBXFrameworksBuildPhase section */

/* Begin PBXGroup section */
		A50000000000000000000001 = {
			isa = PBXGroup;
			children = (
				A30000000000000000000002 /* Info.plist */,
				A30000000000000000000003 /* Airtype.entitlements */,
				A50000000000000000000002 /* Sources */,
				A50000000000000000000006 /* Products */,
			);
			sourceTree = "<group>";
		};
		A50000000000000000000002 /* Sources */ = {
			isa = PBXGroup;
			children = (
				A20001000000000000000001 /* AirtypeApp.swift */,
				A20013000000000000000013 /* Assets.xcassets */,
				A50000000000000000000003 /* Models */,
				A50000000000000000000008 /* CorrectionLearning */,
				A50000000000000000000009 /* VocabularyCore */,
				A5000000000000000000000A /* DashboardCore */,
				A50000000000000000000004 /* Views */,
				A50000000000000000000005 /* Services */,
			);
			path = Sources;
			sourceTree = "<group>";
		};
		A50000000000000000000003 /* Models */ = {
			isa = PBXGroup;
			children = (
				A20002000000000000000002 /* Settings.swift */,
			);
			path = Models;
			sourceTree = "<group>";
		};
		A50000000000000000000004 /* Views */ = {
			isa = PBXGroup;
			children = (
				A20003000000000000000003 /* MainView.swift */,
				A20037000000000000000037 /* AnalyticsView.swift */,
				A200310000000000000000031 /* DashboardSidebar.swift */,
				A200320000000000000000032 /* HomeView.swift */,
				A200330000000000000000033 /* AirtypeSettingsView.swift */,
				B22700000000000000000001 /* LocalModelInstallStatusView.swift */,
				B22A00000000000000000001 /* LocalModelDownloadSizeView.swift */,
				A200340000000000000000034 /* VocabularyView.swift */,
				A200350000000000000000035 /* ProperNounTagWall.swift */,
				A20004000000000000000004 /* MenuBarView.swift */,
				A20005000000000000000005 /* SettingsView.swift */,
				A20006000000000000000006 /* FloatingView.swift */,
				A20007000000000000000007 /* FloatingWindow.swift */,
				A20008000000000000000008 /* FloatingGlassBackgroundView.swift */,
				A20009000000000000000009 /* WaveformView.swift */,
				A20014000000000000000014 /* SetupWizardView.swift */,
				A2001A00000000000000001A /* TranscriptionHistoryView.swift */,
			);
			path = Views;
			sourceTree = "<group>";
		};
		A50000000000000000000005 /* Services */ = {
			isa = PBXGroup;
			children = (
				A2000A00000000000000000A /* AudioRecorder.swift */,
				C20001000000000000000001 /* RecordingAudioInterruptionController.swift */,
				B22900000000000000000001 /* AppUpdater.swift */,
				A2000B00000000000000000B /* ElevenLabsService.swift */,
				A2000C00000000000000000C /* EnhancementService.swift */,
				A2000D00000000000000000D /* HotkeyManager.swift */,
				A2000E00000000000000000E /* MainWindowController.swift */,
				A2000F00000000000000000F /* MistralTranscriptionService.swift */,
				A20036000000000000000036 /* OpenRouterTranscriptionService.swift */,
				A20038000000000000000038 /* OpenRouterKeyUsageService.swift */,
				A20039000000000000000039 /* TranscriptionAttempt.swift */,
				A20010000000000000000010 /* SettingsWindowController.swift */,
				A20011000000000000000011 /* TextInserter.swift */,
				A2001B00000000000000001B /* MLXTranscriptionService.swift */,
				A2001C00000000000000001C /* LocalModelManager.swift */,
				B22800000000000000000001 /* ModelDownloadProgressDelegate.swift */,
				B22A00000000000000000002 /* ModelDownloadSizeProvider.swift */,
				A2001D00000000000000001D /* LocalASRAdapter.swift */,
				A2001E00000000000000001E /* QwenASRAdapter.swift */,
				A20020000000000000000020 /* MLXAudioRunner.swift */,
				A20012000000000000000012 /* WhisperService.swift */,
				A50000000000000000000007 /* StreamingTranscription */,
			);
			path = Services;
			sourceTree = "<group>";
		};
		A50000000000000000000007 /* StreamingTranscription */ = {
			isa = PBXGroup;
			children = (
				A20016000000000000000016 /* StreamingTranscriptionProtocol.swift */,
				A20017000000000000000017 /* StreamingAudioCapture.swift */,
				A20018000000000000000018 /* DoubaoStreamingService.swift */,
			);
			path = StreamingTranscription;
			sourceTree = "<group>";
		};
		A50000000000000000000008 /* CorrectionLearning */ = {
			isa = PBXGroup;
			children = (
				A20021000000000000000021 /* CorrectionModels.swift */,
				A20022000000000000000022 /* CorrectionExtractor.swift */,
				A20023000000000000000023 /* CorrectionSampleIndex.swift */,
				A20024000000000000000024 /* CorrectionStore.swift */,
				A20025000000000000000025 /* CorrectionLearningService.swift */,
				A20026000000000000000026 /* EnhancementPromptBuilder.swift */,
			);
			path = CorrectionLearning;
			sourceTree = "<group>";
		};
		A50000000000000000000009 /* VocabularyCore */ = {
			isa = PBXGroup;
			children = (
				A2002A0000000000000000002A /* VocabularyTerm.swift */,
				A2002B0000000000000000002B /* VocabularyRepository.swift */,
				A2002C0000000000000000002C /* SQLiteVocabularyStore.swift */,
				A2002D0000000000000000002D /* VocabularyPromptBuilder.swift */,
				B22600000000000000000001 /* TranscriptionContext.swift */,
			);
			path = VocabularyCore;
			sourceTree = "<group>";
		};
		A5000000000000000000000A /* DashboardCore */ = {
			isa = PBXGroup;
			children = (
				A20019000000000000000019 /* TranscriptionHistory.swift */,
				A2003B00000000000000003B /* TranscriptionAnalytics.swift */,
				A2003A00000000000000003A /* AnalyticsPageModel.swift */,
				A2002E0000000000000000002E /* DashboardModel.swift */,
				A2002F0000000000000000002F /* HistoryPageModel.swift */,
				A200300000000000000000030 /* VocabularyPageModel.swift */,
			);
			path = DashboardCore;
			sourceTree = "<group>";
		};
		A50000000000000000000006 /* Products */ = {
			isa = PBXGroup;
			children = (
				A30000000000000000000001 /* Airtype.app */,
			);
			name = Products;
			sourceTree = "<group>";
		};
/* End PBXGroup section */

/* Begin PBXNativeTarget section */
		A60000000000000000000001 /* Airtype */ = {
			isa = PBXNativeTarget;
			buildConfigurationList = A80000000000000000000003 /* Build configuration list for PBXNativeTarget "Airtype" */;
			buildPhases = (
				A70000000000000000000001 /* Sources */,
				A40000000000000000000001 /* Frameworks */,
				A40000000000000000000002 /* Resources */,
			);
			buildRules = (
			);
			dependencies = (
			);
			name = Airtype;
			packageProductDependencies = (
				A90000000000000000000001 /* HotKey */,
				A90000000000000000000005 /* Sparkle */,
				A90000000000000000000002 /* MLXAudioCore */,
				A90000000000000000000003 /* MLXAudioSTT */,
				A90000000000000000000004 /* HuggingFace */,
			);
			productName = Airtype;
			productReference = A30000000000000000000001 /* Airtype.app */;
			productType = "com.apple.product-type.application";
		};
/* End PBXNativeTarget section */

/* Begin PBXProject section */
		A50000000000000000000000 /* Project object */ = {
			isa = PBXProject;
			attributes = {
				BuildIndependentTargetsInParallel = 1;
				LastSwiftUpdateCheck = 1500;
				LastUpgradeCheck = 1500;
				TargetAttributes = {
					A60000000000000000000001 = {
						CreatedOnToolsVersion = 15.0;
					};
				};
			};
			buildConfigurationList = A80000000000000000000001 /* Build configuration list for PBXProject "Airtype" */;
			compatibilityVersion = "Xcode 14.0";
			developmentRegion = en;
			hasScannedForEncodings = 0;
			knownRegions = (
				en,
				Base,
			);
			mainGroup = A50000000000000000000001;
			packageReferences = (
				AA0000000000000000000001 /* XCRemoteSwiftPackageReference "HotKey" */,
				AA0000000000000000000004 /* XCRemoteSwiftPackageReference "Sparkle" */,
				AA0000000000000000000002 /* XCRemoteSwiftPackageReference "mlx-audio-swift" */,
				AA0000000000000000000003 /* XCRemoteSwiftPackageReference "swift-huggingface" */,
			);
			productRefGroup = A50000000000000000000006 /* Products */;
			projectDirPath = "";
			projectRoot = "";
			targets = (
				A60000000000000000000001 /* Airtype */,
			);
		};
/* End PBXProject section */

/* Begin PBXResourcesBuildPhase section */
		A40000000000000000000002 /* Resources */ = {
			isa = PBXResourcesBuildPhase;
			buildActionMask = 2147483647;
			files = (
				A10013000000000000000013 /* Assets.xcassets in Resources */,
			);
			runOnlyForDeploymentPostprocessing = 0;
		};
/* End PBXResourcesBuildPhase section */

/* Begin PBXSourcesBuildPhase section */
		A70000000000000000000001 /* Sources */ = {
			isa = PBXSourcesBuildPhase;
			buildActionMask = 2147483647;
			files = (
				A10001000000000000000001 /* AirtypeApp.swift in Sources */,
				A10002000000000000000002 /* Settings.swift in Sources */,
				A10003000000000000000003 /* MainView.swift in Sources */,
				A10037000000000000000037 /* AnalyticsView.swift in Sources */,
				A100310000000000000000031 /* DashboardSidebar.swift in Sources */,
				A100320000000000000000032 /* HomeView.swift in Sources */,
				A100330000000000000000033 /* AirtypeSettingsView.swift in Sources */,
				B12700000000000000000001 /* LocalModelInstallStatusView.swift in Sources */,
				B12A00000000000000000001 /* LocalModelDownloadSizeView.swift in Sources */,
				A100340000000000000000034 /* VocabularyView.swift in Sources */,
				A100350000000000000000035 /* ProperNounTagWall.swift in Sources */,
				A10004000000000000000004 /* MenuBarView.swift in Sources */,
				A10005000000000000000005 /* SettingsView.swift in Sources */,
				A10006000000000000000006 /* FloatingView.swift in Sources */,
				A10007000000000000000007 /* FloatingWindow.swift in Sources */,
				A10008000000000000000008 /* FloatingGlassBackgroundView.swift in Sources */,
				A10009000000000000000009 /* WaveformView.swift in Sources */,
				A10014000000000000000014 /* SetupWizardView.swift in Sources */,
				A1001A00000000000000001A /* TranscriptionHistoryView.swift in Sources */,
				A1000A00000000000000000A /* AudioRecorder.swift in Sources */,
				C10001000000000000000001 /* RecordingAudioInterruptionController.swift in Sources */,
				B12900000000000000000002 /* AppUpdater.swift in Sources */,
				A1000B00000000000000000B /* ElevenLabsService.swift in Sources */,
				A1000C00000000000000000C /* EnhancementService.swift in Sources */,
				A1000D00000000000000000D /* HotkeyManager.swift in Sources */,
				A1000E00000000000000000E /* MainWindowController.swift in Sources */,
				A1000F00000000000000000F /* MistralTranscriptionService.swift in Sources */,
				A10036000000000000000036 /* OpenRouterTranscriptionService.swift in Sources */,
				A10038000000000000000038 /* OpenRouterKeyUsageService.swift in Sources */,
				A10039000000000000000039 /* TranscriptionAttempt.swift in Sources */,
				A10010000000000000000010 /* SettingsWindowController.swift in Sources */,
				A10011000000000000000011 /* TextInserter.swift in Sources */,
				A10019000000000000000019 /* TranscriptionHistory.swift in Sources */,
				A1001B00000000000000001B /* MLXTranscriptionService.swift in Sources */,
				A1001C00000000000000001C /* LocalModelManager.swift in Sources */,
				B12800000000000000000001 /* ModelDownloadProgressDelegate.swift in Sources */,
				B12A00000000000000000002 /* ModelDownloadSizeProvider.swift in Sources */,
				A1001D00000000000000001D /* LocalASRAdapter.swift in Sources */,
				A1001E00000000000000001E /* QwenASRAdapter.swift in Sources */,
				A10020000000000000000020 /* MLXAudioRunner.swift in Sources */,
				A10021000000000000000021 /* CorrectionModels.swift in Sources */,
				A10022000000000000000022 /* CorrectionExtractor.swift in Sources */,
				A10023000000000000000023 /* CorrectionSampleIndex.swift in Sources */,
				A10024000000000000000024 /* CorrectionStore.swift in Sources */,
				A10025000000000000000025 /* CorrectionLearningService.swift in Sources */,
				A10026000000000000000026 /* EnhancementPromptBuilder.swift in Sources */,
				A1002A0000000000000000002A /* VocabularyTerm.swift in Sources */,
				A1002B0000000000000000002B /* VocabularyRepository.swift in Sources */,
				A1002C0000000000000000002C /* SQLiteVocabularyStore.swift in Sources */,
				A1002D0000000000000000002D /* VocabularyPromptBuilder.swift in Sources */,
				B12600000000000000000001 /* TranscriptionContext.swift in Sources */,
				A1002E0000000000000000002E /* DashboardModel.swift in Sources */,
				A1003B00000000000000003B /* TranscriptionAnalytics.swift in Sources */,
				A1003A00000000000000003A /* AnalyticsPageModel.swift in Sources */,
				A1002F0000000000000000002F /* HistoryPageModel.swift in Sources */,
				A100300000000000000000030 /* VocabularyPageModel.swift in Sources */,
				A10012000000000000000012 /* WhisperService.swift in Sources */,
				A10016000000000000000016 /* StreamingTranscriptionProtocol.swift in Sources */,
				A10017000000000000000017 /* StreamingAudioCapture.swift in Sources */,
				A10018000000000000000018 /* DoubaoStreamingService.swift in Sources */,
			);
			runOnlyForDeploymentPostprocessing = 0;
		};
/* End PBXSourcesBuildPhase section */

/* Begin XCBuildConfiguration section */
		A80000000000000000000010 /* Debug */ = {
			isa = XCBuildConfiguration;
			buildSettings = {
				ALWAYS_SEARCH_USER_PATHS = NO;
				ASSETCATALOG_COMPILER_GENERATE_SWIFT_ASSET_SYMBOL_EXTENSIONS = YES;
				CLANG_ANALYZER_NONNULL = YES;
				CLANG_CXX_LANGUAGE_STANDARD = "gnu++20";
				CLANG_ENABLE_MODULES = YES;
				CLANG_ENABLE_OBJC_ARC = YES;
				COPY_PHASE_STRIP = NO;
				DEBUG_INFORMATION_FORMAT = dwarf;
				ENABLE_STRICT_OBJC_MSGSEND = YES;
				ENABLE_TESTABILITY = YES;
				GCC_DYNAMIC_NO_PIC = NO;
				GCC_NO_COMMON_BLOCKS = YES;
				GCC_OPTIMIZATION_LEVEL = 0;
				GCC_PREPROCESSOR_DEFINITIONS = (
					"DEBUG=1",
					"$(inherited)",
				);
				GCC_WARN_64_TO_32_BIT_CONVERSION = YES;
				GCC_WARN_ABOUT_RETURN_TYPE = YES_ERROR;
				GCC_WARN_UNDECLARED_SELECTOR = YES;
				GCC_WARN_UNINITIALIZED_AUTOS = YES_AGGRESSIVE;
				GCC_WARN_UNUSED_FUNCTION = YES;
				GCC_WARN_UNUSED_VARIABLE = YES;
				MACOSX_DEPLOYMENT_TARGET = 14.0;
				MTL_ENABLE_DEBUG_INFO = INCLUDE_SOURCE;
				MTL_FAST_MATH = YES;
				ONLY_ACTIVE_ARCH = YES;
				SDKROOT = macosx;
				SWIFT_ACTIVE_COMPILATION_CONDITIONS = "$(inherited) DEBUG";
				SWIFT_OPTIMIZATION_LEVEL = "-Onone";
			};
			name = Debug;
		};
		A80000000000000000000011 /* Release */ = {
			isa = XCBuildConfiguration;
			buildSettings = {
				ALWAYS_SEARCH_USER_PATHS = NO;
				ASSETCATALOG_COMPILER_GENERATE_SWIFT_ASSET_SYMBOL_EXTENSIONS = YES;
				CLANG_ANALYZER_NONNULL = YES;
				CLANG_CXX_LANGUAGE_STANDARD = "gnu++20";
				CLANG_ENABLE_MODULES = YES;
				CLANG_ENABLE_OBJC_ARC = YES;
				COPY_PHASE_STRIP = NO;
				DEBUG_INFORMATION_FORMAT = "dwarf-with-dsym";
				ENABLE_NS_ASSERTIONS = NO;
				ENABLE_STRICT_OBJC_MSGSEND = YES;
				GCC_NO_COMMON_BLOCKS = YES;
				GCC_WARN_64_TO_32_BIT_CONVERSION = YES;
				GCC_WARN_ABOUT_RETURN_TYPE = YES_ERROR;
				GCC_WARN_UNDECLARED_SELECTOR = YES;
				GCC_WARN_UNINITIALIZED_AUTOS = YES_AGGRESSIVE;
				GCC_WARN_UNUSED_FUNCTION = YES;
				GCC_WARN_UNUSED_VARIABLE = YES;
				MACOSX_DEPLOYMENT_TARGET = 14.0;
				MTL_ENABLE_DEBUG_INFO = NO;
				MTL_FAST_MATH = YES;
				SDKROOT = macosx;
				SWIFT_COMPILATION_MODE = wholemodule;
			};
			name = Release;
		};
		A80000000000000000000020 /* Debug */ = {
			isa = XCBuildConfiguration;
			buildSettings = {
				APP_DISPLAY_NAME = "Airtype Dev";
				ASSETCATALOG_COMPILER_APPICON_NAME = AppIcon;
				CODE_SIGN_ENTITLEMENTS = Airtype.entitlements;
				CODE_SIGN_STYLE = Automatic;
				COMBINE_HIDPI_IMAGES = YES;
				CURRENT_PROJECT_VERSION = 1;
				DEVELOPMENT_TEAM = 58MM7UAN56;
				ENABLE_HARDENED_RUNTIME = YES;
				GENERATE_INFOPLIST_FILE = NO;
				INFOPLIST_FILE = Info.plist;
				INFOPLIST_KEY_LSApplicationCategoryType = "public.app-category.utilities";
				LD_RUNPATH_SEARCH_PATHS = (
					"$(inherited)",
					"@executable_path/../Frameworks",
				);
				MARKETING_VERSION = 1.0;
				OTHER_LDFLAGS = "$(inherited) -lsqlite3";
				PRODUCT_BUNDLE_IDENTIFIER = com.airtype.app.debug;
				PRODUCT_NAME = "$(TARGET_NAME)";
				SWIFT_EMIT_LOC_STRINGS = YES;
				SWIFT_VERSION = 5.0;
			};
			name = Debug;
		};
		A80000000000000000000021 /* Release */ = {
			isa = XCBuildConfiguration;
			buildSettings = {
				APP_DISPLAY_NAME = Airtype;
				ASSETCATALOG_COMPILER_APPICON_NAME = AppIcon;
				CODE_SIGN_ENTITLEMENTS = Airtype.entitlements;
				CODE_SIGN_IDENTITY = "Developer ID Application";
				CODE_SIGN_STYLE = Manual;
				COMBINE_HIDPI_IMAGES = YES;
				CURRENT_PROJECT_VERSION = 1;
				DEVELOPMENT_TEAM = 58MM7UAN56;
				ENABLE_HARDENED_RUNTIME = YES;
				GENERATE_INFOPLIST_FILE = NO;
				INFOPLIST_FILE = Info.plist;
				INFOPLIST_KEY_LSApplicationCategoryType = "public.app-category.utilities";
				LD_RUNPATH_SEARCH_PATHS = (
					"$(inherited)",
					"@executable_path/../Frameworks",
				);
				MARKETING_VERSION = 1.0;
				OTHER_LDFLAGS = "$(inherited) -lsqlite3";
				PRODUCT_BUNDLE_IDENTIFIER = com.airtype.app;
				PRODUCT_NAME = "$(TARGET_NAME)";
				SWIFT_EMIT_LOC_STRINGS = YES;
				SWIFT_VERSION = 5.0;
			};
			name = Release;
		};
/* End XCBuildConfiguration section */

/* Begin XCConfigurationList section */
		A80000000000000000000001 /* Build configuration list for PBXProject "Airtype" */ = {
			isa = XCConfigurationList;
			buildConfigurations = (
				A80000000000000000000010 /* Debug */,
				A80000000000000000000011 /* Release */,
			);
			defaultConfigurationIsVisible = 0;
			defaultConfigurationName = Release;
		};
		A80000000000000000000003 /* Build configuration list for PBXNativeTarget "Airtype" */ = {
			isa = XCConfigurationList;
			buildConfigurations = (
				A80000000000000000000020 /* Debug */,
				A80000000000000000000021 /* Release */,
			);
			defaultConfigurationIsVisible = 0;
			defaultConfigurationName = Release;
		};
/* End XCConfigurationList section */

/* Begin XCRemoteSwiftPackageReference section */
		AA0000000000000000000004 /* XCRemoteSwiftPackageReference "Sparkle" */ = {
			isa = XCRemoteSwiftPackageReference;
			repositoryURL = "https://github.com/sparkle-project/Sparkle.git";
			requirement = {
				kind = upToNextMajorVersion;
				minimumVersion = 2.9.6;
			};
		};
		AA0000000000000000000003 /* XCRemoteSwiftPackageReference "swift-huggingface" */ = {
			isa = XCRemoteSwiftPackageReference;
			repositoryURL = "https://github.com/huggingface/swift-huggingface.git";
			requirement = {
				kind = exactVersion;
				version = 0.9.0;
			};
		};
		AA0000000000000000000001 /* XCRemoteSwiftPackageReference "HotKey" */ = {
			isa = XCRemoteSwiftPackageReference;
			repositoryURL = "https://github.com/soffes/HotKey.git";
			requirement = {
				kind = upToNextMajorVersion;
				minimumVersion = 0.2.0;
			};
		};
		AA0000000000000000000002 /* XCRemoteSwiftPackageReference "mlx-audio-swift" */ = {
			isa = XCRemoteSwiftPackageReference;
			repositoryURL = "https://github.com/Blaizzy/mlx-audio-swift.git";
			requirement = {
				kind = revision;
				revision = cae704f53bc32a3d0b606823828fbc5bedaaf388;
			};
		};
/* End XCRemoteSwiftPackageReference section */

/* Begin XCSwiftPackageProductDependency section */
		A90000000000000000000005 /* Sparkle */ = {
			isa = XCSwiftPackageProductDependency;
			package = AA0000000000000000000004 /* XCRemoteSwiftPackageReference "Sparkle" */;
			productName = Sparkle;
		};
		A90000000000000000000004 /* HuggingFace */ = {
			isa = XCSwiftPackageProductDependency;
			package = AA0000000000000000000003 /* XCRemoteSwiftPackageReference "swift-huggingface" */;
			productName = HuggingFace;
		};
		A90000000000000000000001 /* HotKey */ = {
			isa = XCSwiftPackageProductDependency;
			package = AA0000000000000000000001 /* XCRemoteSwiftPackageReference "HotKey" */;
			productName = HotKey;
		};
		A90000000000000000000002 /* MLXAudioCore */ = {
			isa = XCSwiftPackageProductDependency;
			package = AA0000000000000000000002 /* XCRemoteSwiftPackageReference "mlx-audio-swift" */;
			productName = MLXAudioCore;
		};
		A90000000000000000000003 /* MLXAudioSTT */ = {
			isa = XCSwiftPackageProductDependency;
			package = AA0000000000000000000002 /* XCRemoteSwiftPackageReference "mlx-audio-swift" */;
			productName = MLXAudioSTT;
		};
/* End XCSwiftPackageProductDependency section */
	};
	rootObject = A50000000000000000000000 /* Project object */;
}
